
Microsoft Visual Studio Solution File, Format Version 12.00
# Visual Studio 15
VisualStudioVersion = 15.0.26730.16
MinimumVisualStudioVersion = 10.0.40219.1
Project("{FAE04EC0-301F-11D3-BF4B-00C04F79EFBC}") = "WebApplication2", "WebApplication2\WebApplication2.csproj", "{35FEC056-E32F-4A39-9FFC-C7872BECE02D}"
EndProject
Global
	GlobalSection(SolutionConfigurationPlatforms) = preSolution
		Debug|Any CPU = Debug|Any CPU
		Release|Any CPU = Release|Any CPU
	EndGlobalSection
	GlobalSection(ProjectConfigurationPlatforms) = postSolution
		{35FEC056-E32F-4A39-9FFC-C7872BECE02D}.Debug|Any CPU.ActiveCfg = Debug|Any CPU
		{35FEC056-E32F-4A39-9FFC-C7872BECE02D}.Debug|Any CPU.Build.0 = Debug|Any CPU
		{35FEC056-E32F-4A39-9FFC-C7872BECE02D}.Release|Any CPU.ActiveCfg = Release|Any CPU
		{35FEC056-E32F-4A39-9FFC-C7872BECE02D}.Release|Any CPU.Build.0 = Release|Any CPU
	EndGlobalSection
	GlobalSection(SolutionProperties) = preSolution
		HideSolutionNode = FALSE
	EndGlobalSection
	GlobalSection(ExtensibilityGlobals) = postSolution
		SolutionGuid = {210888F5-6648-4FC5-A1E5-1EB2DA171263}
	EndGlobalSection
EndGlobal
